
Microsoft Visual Studio Solution File, Format Version 11.00
# Visual Studio 2010
Project("{FAE04EC0-301F-11D3-BF4B-00C04F79EFBC}") = "ExStudentAddIn", "ExStudentAddIn\ExStudentAddIn.csproj", "{99C2D4F7-D118-40CB-AD73-5FB8A1619815}"
EndProject
Project("{54435603-DBB4-11D2-8724-00A0C9A8B90C}") = "ExStudentAddInSetup", "ExStudentAddInSetup\ExStudentAddInSetup.vdproj", "{4808842D-7FE4-495A-A991-7FA9B6A0267E}"
EndProject
Project("{FAE04EC0-301F-11D3-BF4B-00C04F79EFBC}") = "ExStudentAddInTest", "ExStudentAddInTest\ExStudentAddInTest.csproj", "{4C3808DE-8E77-41D5-BF55-827B3F4FE748}"
EndProject
Global
	GlobalSection(SolutionConfigurationPlatforms) = preSolution
		Debug|Any CPU = Debug|Any CPU
		Release|Any CPU = Release|Any CPU
	EndGlobalSection
	GlobalSection(ProjectConfigurationPlatforms) = postSolution
		{99C2D4F7-D118-40CB-AD73-5FB8A1619815}.Debug|Any CPU.ActiveCfg = Debug|Any CPU
		{99C2D4F7-D118-40CB-AD73-5FB8A1619815}.Debug|Any CPU.Build.0 = Debug|Any CPU
		{99C2D4F7-D118-40CB-AD73-5FB8A1619815}.Release|Any CPU.ActiveCfg = Release|Any CPU
		{99C2D4F7-D118-40CB-AD73-5FB8A1619815}.Release|Any CPU.Build.0 = Release|Any CPU
		{4808842D-7FE4-495A-A991-7FA9B6A0267E}.Debug|Any CPU.ActiveCfg = Debug
		{4808842D-7FE4-495A-A991-7FA9B6A0267E}.Release|Any CPU.ActiveCfg = Release
		{4C3808DE-8E77-41D5-BF55-827B3F4FE748}.Debug|Any CPU.ActiveCfg = Debug|Any CPU
		{4C3808DE-8E77-41D5-BF55-827B3F4FE748}.Debug|Any CPU.Build.0 = Debug|Any CPU
		{4C3808DE-8E77-41D5-BF55-827B3F4FE748}.Release|Any CPU.ActiveCfg = Release|Any CPU
		{4C3808DE-8E77-41D5-BF55-827B3F4FE748}.Release|Any CPU.Build.0 = Release|Any CPU
	EndGlobalSection
	GlobalSection(SolutionProperties) = preSolution
		HideSolutionNode = FALSE
	EndGlobalSection
EndGlobal
